// !$*UTF8*$!
{
	archiveVersion = 1;
	classes = {
	};
	objectVersion = 46;
	objects = {

/* Begin PBXBuildFile section */
		38042337392D4A2C8AE7FEE7 /* libPods.a in Frameworks */ = {isa = PBXBuildFile; fileRef = 50E997C86D584C1AB68CC09E /* libPods.a */; };
		9F17D93E186C0D9C00753750 /* naked-logo.png in Resources */ = {isa = PBXBuildFile; fileRef = 9F17D93D186C0D9C00753750 /* naked-logo.png */; };
		9F3D1F5D186C000C004D7DB1 /* LoginViewController.m in Sources */ = {isa = PBXBuildFile; fileRef = 9F3D1F5B186C000C004D7DB1 /* LoginViewController.m */; };
		9F3D1F5E186C000C004D7DB1 /* LoginViewController.xib in Resources */ = {isa = PBXBuildFile; fileRef = 9F3D1F5C186C000C004D7DB1 /* LoginViewController.xib */; };
		9F3D1F61186C001D004D7DB1 /* Refuelio.xcdatamodeld in Sources */ = {isa = PBXBuildFile; fileRef = 9F3D1F5F186C001D004D7DB1 /* Refuelio.xcdatamodeld */; };
		9F3D1F6B186C0061004D7DB1 /* Fuel.m in Sources */ = {isa = PBXBuildFile; fileRef = 9F3D1F64186C0061004D7DB1 /* Fuel.m */; };
		9F3D1F6C186C0061004D7DB1 /* Refueling.m in Sources */ = {isa = PBXBuildFile; fileRef = 9F3D1F66186C0061004D7DB1 /* Refueling.m */; };
		9F3D1F6D186C0061004D7DB1 /* User+Authenticate.m in Sources */ = {isa = PBXBuildFile; fileRef = 9F3D1F68186C0061004D7DB1 /* User+Authenticate.m */; };
		9F3D1F6E186C0061004D7DB1 /* User.m in Sources */ = {isa = PBXBuildFile; fileRef = 9F3D1F6A186C0061004D7DB1 /* User.m */; };
		9F3D1F71186C0067004D7DB1 /* SessionService.m in Sources */ = {isa = PBXBuildFile; fileRef = 9F3D1F70186C0067004D7DB1 /* SessionService.m */; };
		9F3D1F73186C00AD004D7DB1 /* Main.storyboard in Resources */ = {isa = PBXBuildFile; fileRef = 9F3D1F72186C00AD004D7DB1 /* Main.storyboard */; };
		9F836827186BFFAA000FE101 /* Foundation.framework in Frameworks */ = {isa = PBXBuildFile; fileRef = 9F836826186BFFAA000FE101 /* Foundation.framework */; };
		9F836829186BFFAA000FE101 /* CoreGraphics.framework in Frameworks */ = {isa = PBXBuildFile; fileRef = 9F836828186BFFAA000FE101 /* CoreGraphics.framework */; };
		9F83682B186BFFAA000FE101 /* UIKit.framework in Frameworks */ = {isa = PBXBuildFile; fileRef = 9F83682A186BFFAA000FE101 /* UIKit.framework */; };
		9F836831186BFFAA000FE101 /* InfoPlist.strings in Resources */ = {isa = PBXBuildFile; fileRef = 9F83682F186BFFAA000FE101 /* InfoPlist.strings */; };
		9F836833186BFFAA000FE101 /* main.m in Sources */ = {isa = PBXBuildFile; fileRef = 9F836832186BFFAA000FE101 /* main.m */; };
		9F836837186BFFAA000FE101 /* RefuelioAppDelegate.m in Sources */ = {isa = PBXBuildFile; fileRef = 9F836836186BFFAA000FE101 /* RefuelioAppDelegate.m */; };
		9F83683D186BFFAA000FE101 /* RefuelioViewController.m in Sources */ = {isa = PBXBuildFile; fileRef = 9F83683C186BFFAA000FE101 /* RefuelioViewController.m */; };
		9F83683F186BFFAA000FE101 /* Images.xcassets in Resources */ = {isa = PBXBuildFile; fileRef = 9F83683E186BFFAA000FE101 /* Images.xcassets */; };
		9F836846186BFFAA000FE101 /* XCTest.framework in Frameworks */ = {isa = PBXBuildFile; fileRef = 9F836845186BFFAA000FE101 /* XCTest.framework */; };
		9F836847186BFFAA000FE101 /* Foundation.framework in Frameworks */ = {isa = PBXBuildFile; fileRef = 9F836826186BFFAA000FE101 /* Foundation.framework */; };
		9F836848186BFFAA000FE101 /* UIKit.framework in Frameworks */ = {isa = PBXBuildFile; fileRef = 9F83682A186BFFAA000FE101 /* UIKit.framework */; };
		9F836850186BFFAB000FE101 /* InfoPlist.strings in Resources */ = {isa = PBXBuildFile; fileRef = 9F83684E186BFFAB000FE101 /* InfoPlist.strings */; };
		9F836852186BFFAB000FE101 /* refuelioTests.m in Sources */ = {isa = PBXBuildFile; fileRef = 9F836851186BFFAB000FE101 /* refuelioTests.m */; };
/* End PBXBuildFile section */

/* Begin PBXContainerItemProxy section */
		9F836849186BFFAA000FE101 /* PBXContainerItemProxy */ = {
			isa = PBXContainerItemProxy;
			containerPortal = 9F83681B186BFFAA000FE101 /* Project object */;
			proxyType = 1;
			remoteGlobalIDString = 9F836822186BFFAA000FE101;
			remoteInfo = refuelio;
		};
/* End PBXContainerItemProxy section */

/* Begin PBXFileReference section */
		50E997C86D584C1AB68CC09E /* libPods.a */ = {isa = PBXFileReference; explicitFileType = archive.ar; includeInIndex = 0; path = libPods.a; sourceTree = BUILT_PRODUCTS_DIR; };
		872DC7AA04FB4AE89900F4A9 /* Pods.xcconfig */ = {isa = PBXFileReference; includeInIndex = 1; lastKnownFileType = text.xcconfig; name = Pods.xcconfig; path = Pods/Pods.xcconfig; sourceTree = "<group>"; };
		9F17D93D186C0D9C00753750 /* naked-logo.png */ = {isa = PBXFileReference; lastKnownFileType = image.png; name = "naked-logo.png"; path = "Attrezzo/naked-logo.png"; sourceTree = "<group>"; };
		9F3D1F5A186C000C004D7DB1 /* LoginViewController.h */ = {isa = PBXFileReference; fileEncoding = 4; lastKnownFileType = sourcecode.c.h; path = LoginViewController.h; sourceTree = "<group>"; };
		9F3D1F5B186C000C004D7DB1 /* LoginViewController.m */ = {isa = PBXFileReference; fileEncoding = 4; lastKnownFileType = sourcecode.c.objc; path = LoginViewController.m; sourceTree = "<group>"; };
		9F3D1F5C186C000C004D7DB1 /* LoginViewController.xib */ = {isa = PBXFileReference; fileEncoding = 4; lastKnownFileType = file.xib; path = LoginViewController.xib; sourceTree = "<group>"; };
		9F3D1F60186C001D004D7DB1 /* Refuelio.xcdatamodel */ = {isa = PBXFileReference; lastKnownFileType = wrapper.xcdatamodel; path = Refuelio.xcdatamodel; sourceTree = "<group>"; };
		9F3D1F63186C0061004D7DB1 /* Fuel.h */ = {isa = PBXFileReference; fileEncoding = 4; lastKnownFileType = sourcecode.c.h; path = Fuel.h; sourceTree = "<group>"; };
		9F3D1F64186C0061004D7DB1 /* Fuel.m */ = {isa = PBXFileReference; fileEncoding = 4; lastKnownFileType = sourcecode.c.objc; path = Fuel.m; sourceTree = "<group>"; };
		9F3D1F65186C0061004D7DB1 /* Refueling.h */ = {isa = PBXFileReference; fileEncoding = 4; lastKnownFileType = sourcecode.c.h; path = Refueling.h; sourceTree = "<group>"; };
		9F3D1F66186C0061004D7DB1 /* Refueling.m */ = {isa = PBXFileReference; fileEncoding = 4; lastKnownFileType = sourcecode.c.objc; path = Refueling.m; sourceTree = "<group>"; };
		9F3D1F67186C0061004D7DB1 /* User+Authenticate.h */ = {isa = PBXFileReference; fileEncoding = 4; lastKnownFileType = sourcecode.c.h; path = "User+Authenticate.h"; sourceTree = "<group>"; };
		9F3D1F68186C0061004D7DB1 /* User+Authenticate.m */ = {isa = PBXFileReference; fileEncoding = 4; lastKnownFileType = sourcecode.c.objc; path = "User+Authenticate.m"; sourceTree = "<group>"; };
		9F3D1F69186C0061004D7DB1 /* User.h */ = {isa = PBXFileReference; fileEncoding = 4; lastKnownFileType = sourcecode.c.h; path = User.h; sourceTree = "<group>"; };
		9F3D1F6A186C0061004D7DB1 /* User.m */ = {isa = PBXFileReference; fileEncoding = 4; lastKnownFileType = sourcecode.c.objc; path = User.m; sourceTree = "<group>"; };
		9F3D1F6F186C0067004D7DB1 /* SessionService.h */ = {isa = PBXFileReference; fileEncoding = 4; lastKnownFileType = sourcecode.c.h; path = SessionService.h; sourceTree = "<group>"; };
		9F3D1F70186C0067004D7DB1 /* SessionService.m */ = {isa = PBXFileReference; fileEncoding = 4; lastKnownFileType = sourcecode.c.objc; path = SessionService.m; sourceTree = "<group>"; };
		9F3D1F72186C00AD004D7DB1 /* Main.storyboard */ = {isa = PBXFileReference; fileEncoding = 4; lastKnownFileType = file.storyboard; path = Main.storyboard; sourceTree = "<group>"; };
		9F836823186BFFAA000FE101 /* refuelio.app */ = {isa = PBXFileReference; explicitFileType = wrapper.application; includeInIndex = 0; path = refuelio.app; sourceTree = BUILT_PRODUCTS_DIR; };
		9F836826186BFFAA000FE101 /* Foundation.framework */ = {isa = PBXFileReference; lastKnownFileType = wrapper.framework; name = Foundation.framework; path = System/Library/Frameworks/Foundation.framework; sourceTree = SDKROOT; };
		9F836828186BFFAA000FE101 /* CoreGraphics.framework */ = {isa = PBXFileReference; lastKnownFileType = wrapper.framework; name = CoreGraphics.framework; path = System/Library/Frameworks/CoreGraphics.framework; sourceTree = SDKROOT; };
		9F83682A186BFFAA000FE101 /* UIKit.framework */ = {isa = PBXFileReference; lastKnownFileType = wrapper.framework; name = UIKit.framework; path = System/Library/Frameworks/UIKit.framework; sourceTree = SDKROOT; };
		9F83682E186BFFAA000FE101 /* refuelio-Info.plist */ = {isa = PBXFileReference; lastKnownFileType = text.plist.xml; path = "refuelio-Info.plist"; sourceTree = "<group>"; };
		9F836830186BFFAA000FE101 /* en */ = {isa = PBXFileReference; lastKnownFileType = text.plist.strings; name = en; path = en.lproj/InfoPlist.strings; sourceTree = "<group>"; };
		9F836832186BFFAA000FE101 /* main.m */ = {isa = PBXFileReference; lastKnownFileType = sourcecode.c.objc; path = main.m; sourceTree = "<group>"; };
		9F836834186BFFAA000FE101 /* refuelio-Prefix.pch */ = {isa = PBXFileReference; lastKnownFileType = sourcecode.c.h; path = "refuelio-Prefix.pch"; sourceTree = "<group>"; };
		9F836835186BFFAA000FE101 /* RefuelioAppDelegate.h */ = {isa = PBXFileReference; lastKnownFileType = sourcecode.c.h; path = RefuelioAppDelegate.h; sourceTree = "<group>"; };
		9F836836186BFFAA000FE101 /* RefuelioAppDelegate.m */ = {isa = PBXFileReference; lastKnownFileType = sourcecode.c.objc; path = RefuelioAppDelegate.m; sourceTree = "<group>"; };
		9F83683B186BFFAA000FE101 /* RefuelioViewController.h */ = {isa = PBXFileReference; lastKnownFileType = sourcecode.c.h; path = RefuelioViewController.h; sourceTree = "<group>"; };
		9F83683C186BFFAA000FE101 /* RefuelioViewController.m */ = {isa = PBXFileReference; lastKnownFileType = sourcecode.c.objc; path = RefuelioViewController.m; sourceTree = "<group>"; };
		9F83683E186BFFAA000FE101 /* Images.xcassets */ = {isa = PBXFileReference; lastKnownFileType = folder.assetcatalog; path = Images.xcassets; sourceTree = "<group>"; };
		9F836844186BFFAA000FE101 /* refuelioTests.xctest */ = {isa = PBXFileReference; explicitFileType = wrapper.cfbundle; includeInIndex = 0; path = refuelioTests.xctest; sourceTree = BUILT_PRODUCTS_DIR; };
		9F836845186BFFAA000FE101 /* XCTest.framework */ = {isa = PBXFileReference; lastKnownFileType = wrapper.framework; name = XCTest.framework; path = Library/Frameworks/XCTest.framework; sourceTree = DEVELOPER_DIR; };
		9F83684D186BFFAA000FE101 /* refuelioTests-Info.plist */ = {isa = PBXFileReference; lastKnownFileType = text.plist.xml; path = "refuelioTests-Info.plist"; sourceTree = "<group>"; };
		9F83684F186BFFAB000FE101 /* en */ = {isa = PBXFileReference; lastKnownFileType = text.plist.strings; name = en; path = en.lproj/InfoPlist.strings; sourceTree = "<group>"; };
		9F836851186BFFAB000FE101 /* refuelioTests.m */ = {isa = PBXFileReference; lastKnownFileType = sourcecode.c.objc; path = refuelioTests.m; sourceTree = "<group>"; };
/* End PBXFileReference section */

/* Begin PBXFrameworksBuildPhase section */
		9F836820186BFFAA000FE101 /* Frameworks */ = {
			isa = PBXFrameworksBuildPhase;
			buildActionMask = 2147483647;
			files = (
				9F836829186BFFAA000FE101 /* CoreGraphics.framework in Frameworks */,
				9F83682B186BFFAA000FE101 /* UIKit.framework in Frameworks */,
				9F836827186BFFAA000FE101 /* Foundation.framework in Frameworks */,
				38042337392D4A2C8AE7FEE7 /* libPods.a in Frameworks */,
			);
			runOnlyForDeploymentPostprocessing = 0;
		};
		9F836841186BFFAA000FE101 /* Frameworks */ = {
			isa = PBXFrameworksBuildPhase;
			buildActionMask = 2147483647;
			files = (
				9F836846186BFFAA000FE101 /* XCTest.framework in Frameworks */,
				9F836848186BFFAA000FE101 /* UIKit.framework in Frameworks */,
				9F836847186BFFAA000FE101 /* Foundation.framework in Frameworks */,
			);
			runOnlyForDeploymentPostprocessing = 0;
		};
/* End PBXFrameworksBuildPhase section */

/* Begin PBXGroup section */
		9F17D93C186C011E00753750 /* Services */ = {
			isa = PBXGroup;
			children = (
				9F3D1F6F186C0067004D7DB1 /* SessionService.h */,
				9F3D1F70186C0067004D7DB1 /* SessionService.m */,
			);
			name = Services;
			sourceTree = "<group>";
		};
		9F3D1F62186C0061004D7DB1 /* Models */ = {
			isa = PBXGroup;
			children = (
				9F3D1F63186C0061004D7DB1 /* Fuel.h */,
				9F3D1F64186C0061004D7DB1 /* Fuel.m */,
				9F3D1F65186C0061004D7DB1 /* Refueling.h */,
				9F3D1F66186C0061004D7DB1 /* Refueling.m */,
				9F3D1F67186C0061004D7DB1 /* User+Authenticate.h */,
				9F3D1F68186C0061004D7DB1 /* User+Authenticate.m */,
				9F3D1F69186C0061004D7DB1 /* User.h */,
				9F3D1F6A186C0061004D7DB1 /* User.m */,
			);
			path = Models;
			sourceTree = "<group>";
		};
		9F3D1F8A186C00CC004D7DB1 /* Attrezzo */ = {
			isa = PBXGroup;
			children = (
				9F17D93D186C0D9C00753750 /* naked-logo.png */,
			);
			name = Attrezzo;
			sourceTree = "<group>";
		};
		9F83681A186BFFAA000FE101 = {
			isa = PBXGroup;
			children = (
				9F83682C186BFFAA000FE101 /* refuelio */,
				9F83684B186BFFAA000FE101 /* refuelioTests */,
				9F836825186BFFAA000FE101 /* Frameworks */,
				9F836824186BFFAA000FE101 /* Products */,
				872DC7AA04FB4AE89900F4A9 /* Pods.xcconfig */,
			);
			sourceTree = "<group>";
		};
		9F836824186BFFAA000FE101 /* Products */ = {
			isa = PBXGroup;
			children = (
				9F836823186BFFAA000FE101 /* refuelio.app */,
				9F836844186BFFAA000FE101 /* refuelioTests.xctest */,
			);
			name = Products;
			sourceTree = "<group>";
		};
		9F836825186BFFAA000FE101 /* Frameworks */ = {
			isa = PBXGroup;
			children = (
				9F836826186BFFAA000FE101 /* Foundation.framework */,
				9F836828186BFFAA000FE101 /* CoreGraphics.framework */,
				9F83682A186BFFAA000FE101 /* UIKit.framework */,
				9F836845186BFFAA000FE101 /* XCTest.framework */,
				50E997C86D584C1AB68CC09E /* libPods.a */,
			);
			name = Frameworks;
			sourceTree = "<group>";
		};
		9F83682C186BFFAA000FE101 /* refuelio */ = {
			isa = PBXGroup;
			children = (
				9F3D1F5C186C000C004D7DB1 /* LoginViewController.xib */,
				9F83685B186BFFB6000FE101 /* Controllers */,
				9F3D1F8A186C00CC004D7DB1 /* Attrezzo */,
				9F3D1F62186C0061004D7DB1 /* Models */,
				9F17D93C186C011E00753750 /* Services */,
				9F3D1F5F186C001D004D7DB1 /* Refuelio.xcdatamodeld */,
				9F836835186BFFAA000FE101 /* RefuelioAppDelegate.h */,
				9F836836186BFFAA000FE101 /* RefuelioAppDelegate.m */,
				9F3D1F72186C00AD004D7DB1 /* Main.storyboard */,
				9F83683E186BFFAA000FE101 /* Images.xcassets */,
				9F83682D186BFFAA000FE101 /* Supporting Files */,
			);
			path = refuelio;
			sourceTree = "<group>";
		};
		9F83682D186BFFAA000FE101 /* Supporting Files */ = {
			isa = PBXGroup;
			children = (
				9F83682E186BFFAA000FE101 /* refuelio-Info.plist */,
				9F83682F186BFFAA000FE101 /* InfoPlist.strings */,
				9F836832186BFFAA000FE101 /* main.m */,
				9F836834186BFFAA000FE101 /* refuelio-Prefix.pch */,
			);
			name = "Supporting Files";
			sourceTree = "<group>";
		};
		9F83684B186BFFAA000FE101 /* refuelioTests */ = {
			isa = PBXGroup;
			children = (
				9F836851186BFFAB000FE101 /* refuelioTests.m */,
				9F83684C186BFFAA000FE101 /* Supporting Files */,
			);
			path = refuelioTests;
			sourceTree = "<group>";
		};
		9F83684C186BFFAA000FE101 /* Supporting Files */ = {
			isa = PBXGroup;
			children = (
				9F83684D186BFFAA000FE101 /* refuelioTests-Info.plist */,
				9F83684E186BFFAB000FE101 /* InfoPlist.strings */,
			);
			name = "Supporting Files";
			sourceTree = "<group>";
		};
		9F83685B186BFFB6000FE101 /* Controllers */ = {
			isa = PBXGroup;
			children = (
				9F3D1F5A186C000C004D7DB1 /* LoginViewController.h */,
				9F3D1F5B186C000C004D7DB1 /* LoginViewController.m */,
				9F83683B186BFFAA000FE101 /* RefuelioViewController.h */,
				9F83683C186BFFAA000FE101 /* RefuelioViewController.m */,
			);
			name = Controllers;
			sourceTree = "<group>";
		};
/* End PBXGroup section */

/* Begin PBXNativeTarget section */
		9F836822186BFFAA000FE101 /* refuelio */ = {
			isa = PBXNativeTarget;
			buildConfigurationList = 9F836855186BFFAB000FE101 /* Build configuration list for PBXNativeTarget "refuelio" */;
			buildPhases = (
				988C675FD1194F17BE05668D /* Check Pods Manifest.lock */,
				9F83681F186BFFAA000FE101 /* Sources */,
				9F836820186BFFAA000FE101 /* Frameworks */,
				9F836821186BFFAA000FE101 /* Resources */,
				EE78BB00444944DF90FDF3A9 /* Copy Pods Resources */,
			);
			buildRules = (
			);
			dependencies = (
			);
			name = refuelio;
			productName = refuelio;
			productReference = 9F836823186BFFAA000FE101 /* refuelio.app */;
			productType = "com.apple.product-type.application";
		};
		9F836843186BFFAA000FE101 /* refuelioTests */ = {
			isa = PBXNativeTarget;
			buildConfigurationList = 9F836858186BFFAB000FE101 /* Build configuration list for PBXNativeTarget "refuelioTests" */;
			buildPhases = (
				9F836840186BFFAA000FE101 /* Sources */,
				9F836841186BFFAA000FE101 /* Frameworks */,
				9F836842186BFFAA000FE101 /* Resources */,
			);
			buildRules = (
			);
			dependencies = (
				9F83684A186BFFAA000FE101 /* PBXTargetDependency */,
			);
			name = refuelioTests;
			productName = refuelioTests;
			productReference = 9F836844186BFFAA000FE101 /* refuelioTests.xctest */;
			productType = "com.apple.product-type.bundle.unit-test";
		};
/* End PBXNativeTarget section */

/* Begin PBXProject section */
		9F83681B186BFFAA000FE101 /* Project object */ = {
			isa = PBXProject;
			attributes = {
				CLASSPREFIX = Refuelio;
				LastUpgradeCheck = 0500;
				ORGANIZATIONNAME = "Contrail Studio SL";
				TargetAttributes = {
					9F836843186BFFAA000FE101 = {
						TestTargetID = 9F836822186BFFAA000FE101;
					};
				};
			};
			buildConfigurationList = 9F83681E186BFFAA000FE101 /* Build configuration list for PBXProject "refuelio" */;
			compatibilityVersion = "Xcode 3.2";
			developmentRegion = English;
			hasScannedForEncodings = 0;
			knownRegions = (
				en,
				Base,
			);
			mainGroup = 9F83681A186BFFAA000FE101;
			productRefGroup = 9F836824186BFFAA000FE101 /* Products */;
			projectDirPath = "";
			projectRoot = "";
			targets = (
				9F836822186BFFAA000FE101 /* refuelio */,
				9F836843186BFFAA000FE101 /* refuelioTests */,
			);
		};
/* End PBXProject section */

/* Begin PBXResourcesBuildPhase section */
		9F836821186BFFAA000FE101 /* Resources */ = {
			isa = PBXResourcesBuildPhase;
			buildActionMask = 2147483647;
			files = (
				9F3D1F5E186C000C004D7DB1 /* LoginViewController.xib in Resources */,
				9F83683F186BFFAA000FE101 /* Images.xcassets in Resources */,
				9F836831186BFFAA000FE101 /* InfoPlist.strings in Resources */,
				9F3D1F73186C00AD004D7DB1 /* Main.storyboard in Resources */,
				9F17D93E186C0D9C00753750 /* naked-logo.png in Resources */,
			);
			runOnlyForDeploymentPostprocessing = 0;
		};
		9F836842186BFFAA000FE101 /* Resources */ = {
			isa = PBXResourcesBuildPhase;
			buildActionMask = 2147483647;
			files = (
				9F836850186BFFAB000FE101 /* InfoPlist.strings in Resources */,
			);
			runOnlyForDeploymentPostprocessing = 0;
		};
/* End PBXResourcesBuildPhase section */

/* Begin PBXShellScriptBuildPhase section */
		988C675FD1194F17BE05668D /* Check Pods Manifest.lock */ = {
			isa = PBXShellScriptBuildPhase;
			buildActionMask = 2147483647;
			files = (
			);
			inputPaths = (
			);
			name = "Check Pods Manifest.lock";
			outputPaths = (
			);
			runOnlyForDeploymentPostprocessing = 0;
			shellPath = /bin/sh;
			shellScript = "diff \"${PODS_ROOT}/../Podfile.lock\" \"${PODS_ROOT}/Manifest.lock\" > /dev/null\nif [[ $? != 0 ]] ; then\n    cat << EOM\nerror: The sandbox is not in sync with the Podfile.lock. Run 'pod install' or update your CocoaPods installation.\nEOM\n    exit 1\nfi\n";
			showEnvVarsInLog = 0;
		};
		EE78BB00444944DF90FDF3A9 /* Copy Pods Resources */ = {
			isa = PBXShellScriptBuildPhase;
			buildActionMask = 2147483647;
			files = (
			);
			inputPaths = (
			);
			name = "Copy Pods Resources";
			outputPaths = (
			);
			runOnlyForDeploymentPostprocessing = 0;
			shellPath = /bin/sh;
			shellScript = "\"${SRCROOT}/Pods/Pods-resources.sh\"\n";
			showEnvVarsInLog = 0;
		};
/* End PBXShellScriptBuildPhase section */

/* Begin PBXSourcesBuildPhase section */
		9F83681F186BFFAA000FE101 /* Sources */ = {
			isa = PBXSourcesBuildPhase;
			buildActionMask = 2147483647;
			files = (
				9F3D1F5D186C000C004D7DB1 /* LoginViewController.m in Sources */,
				9F3D1F61186C001D004D7DB1 /* Refuelio.xcdatamodeld in Sources */,
				9F3D1F6E186C0061004D7DB1 /* User.m in Sources */,
				9F836833186BFFAA000FE101 /* main.m in Sources */,
				9F3D1F6B186C0061004D7DB1 /* Fuel.m in Sources */,
				9F3D1F71186C0067004D7DB1 /* SessionService.m in Sources */,
				9F83683D186BFFAA000FE101 /* RefuelioViewController.m in Sources */,
				9F3D1F6C186C0061004D7DB1 /* Refueling.m in Sources */,
				9F836837186BFFAA000FE101 /* RefuelioAppDelegate.m in Sources */,
				9F3D1F6D186C0061004D7DB1 /* User+Authenticate.m in Sources */,
			);
			runOnlyForDeploymentPostprocessing = 0;
		};
		9F836840186BFFAA000FE101 /* Sources */ = {
			isa = PBXSourcesBuildPhase;
			buildActionMask = 2147483647;
			files = (
				9F836852186BFFAB000FE101 /* refuelioTests.m in Sources */,
			);
			runOnlyForDeploymentPostprocessing = 0;
		};
/* End PBXSourcesBuildPhase section */

/* Begin PBXTargetDependency section */
		9F83684A186BFFAA000FE101 /* PBXTargetDependency */ = {
			isa = PBXTargetDependency;
			target = 9F836822186BFFAA000FE101 /* refuelio */;
			targetProxy = 9F836849186BFFAA000FE101 /* PBXContainerItemProxy */;
		};
/* End PBXTargetDependency section */

/* Begin PBXVariantGroup section */
		9F83682F186BFFAA000FE101 /* InfoPlist.strings */ = {
			isa = PBXVariantGroup;
			children = (
				9F836830186BFFAA000FE101 /* en */,
			);
			name = InfoPlist.strings;
			sourceTree = "<group>";
		};
		9F83684E186BFFAB000FE101 /* InfoPlist.strings */ = {
			isa = PBXVariantGroup;
			children = (
				9F83684F186BFFAB000FE101 /* en */,
			);
			name = InfoPlist.strings;
			sourceTree = "<group>";
		};
/* End PBXVariantGroup section */

/* Begin XCBuildConfiguration section */
		9F836853186BFFAB000FE101 /* Debug */ = {
			isa = XCBuildConfiguration;
			buildSettings = {
				ALWAYS_SEARCH_USER_PATHS = NO;
				ARCHS = "$(ARCHS_STANDARD_INCLUDING_64_BIT)";
				CLANG_CXX_LANGUAGE_STANDARD = "gnu++0x";
				CLANG_CXX_LIBRARY = "libc++";
				CLANG_ENABLE_MODULES = YES;
				CLANG_ENABLE_OBJC_ARC = YES;
				CLANG_WARN_BOOL_CONVERSION = YES;
				CLANG_WARN_CONSTANT_CONVERSION = YES;
				CLANG_WARN_DIRECT_OBJC_ISA_USAGE = YES_ERROR;
				CLANG_WARN_EMPTY_BODY = YES;
				CLANG_WARN_ENUM_CONVERSION = YES;
				CLANG_WARN_INT_CONVERSION = YES;
				CLANG_WARN_OBJC_ROOT_CLASS = YES_ERROR;
				CLANG_WARN__DUPLICATE_METHOD_MATCH = YES;
				"CODE_SIGN_IDENTITY[sdk=iphoneos*]" = "iPhone Developer";
				COPY_PHASE_STRIP = NO;
				GCC_C_LANGUAGE_STANDARD = gnu99;
				GCC_DYNAMIC_NO_PIC = NO;
				GCC_OPTIMIZATION_LEVEL = 0;
				GCC_PREPROCESSOR_DEFINITIONS = (
					"DEBUG=1",
					"$(inherited)",
				);
				GCC_SYMBOLS_PRIVATE_EXTERN = NO;
				GCC_WARN_64_TO_32_BIT_CONVERSION = YES;
				GCC_WARN_ABOUT_RETURN_TYPE = YES_ERROR;
				GCC_WARN_UNDECLARED_SELECTOR = YES;
				GCC_WARN_UNINITIALIZED_AUTOS = YES;
				GCC_WARN_UNUSED_FUNCTION = YES;
				GCC_WARN_UNUSED_VARIABLE = YES;
				IPHONEOS_DEPLOYMENT_TARGET = 7.0;
				ONLY_ACTIVE_ARCH = YES;
				SDKROOT = iphoneos;
			};
			name = Debug;
		};
		9F836854186BFFAB000FE101 /* Release */ = {
			isa = XCBuildConfiguration;
			buildSettings = {
				ALWAYS_SEARCH_USER_PATHS = NO;
				ARCHS = "$(ARCHS_STANDARD_INCLUDING_64_BIT)";
				CLANG_CXX_LANGUAGE_STANDARD = "gnu++0x";
				CLANG_CXX_LIBRARY = "libc++";
				CLANG_ENABLE_MODULES = YES;
				CLANG_ENABLE_OBJC_ARC = YES;
				CLANG_WARN_BOOL_CONVERSION = YES;
				CLANG_WARN_CONSTANT_CONVERSION = YES;
				CLANG_WARN_DIRECT_OBJC_ISA_USAGE = YES_ERROR;
				CLANG_WARN_EMPTY_BODY = YES;
				CLANG_WARN_ENUM_CONVERSION = YES;
				CLANG_WARN_INT_CONVERSION = YES;
				CLANG_WARN_OBJC_ROOT_CLASS = YES_ERROR;
				CLANG_WARN__DUPLICATE_METHOD_MATCH = YES;
				"CODE_SIGN_IDENTITY[sdk=iphoneos*]" = "iPhone Developer";
				COPY_PHASE_STRIP = YES;
				ENABLE_NS_ASSERTIONS = NO;
				GCC_C_LANGUAGE_STANDARD = gnu99;
				GCC_WARN_64_TO_32_BIT_CONVERSION = YES;
				GCC_WARN_ABOUT_RETURN_TYPE = YES_ERROR;
				GCC_WARN_UNDECLARED_SELECTOR = YES;
				GCC_WARN_UNINITIALIZED_AUTOS = YES;
				GCC_WARN_UNUSED_FUNCTION = YES;
				GCC_WARN_UNUSED_VARIABLE = YES;
				IPHONEOS_DEPLOYMENT_TARGET = 7.0;
				SDKROOT = iphoneos;
				VALIDATE_PRODUCT = YES;
			};
			name = Release;
		};
		9F836856186BFFAB000FE101 /* Debug */ = {
			isa = XCBuildConfiguration;
			baseConfigurationReference = 872DC7AA04FB4AE89900F4A9 /* Pods.xcconfig */;
			buildSettings = {
				ASSETCATALOG_COMPILER_APPICON_NAME = AppIcon;
				ASSETCATALOG_COMPILER_LAUNCHIMAGE_NAME = LaunchImage;
				GCC_PRECOMPILE_PREFIX_HEADER = YES;
				GCC_PREFIX_HEADER = "refuelio/refuelio-Prefix.pch";
				INFOPLIST_FILE = "refuelio/refuelio-Info.plist";
				PRODUCT_NAME = "$(TARGET_NAME)";
				WRAPPER_EXTENSION = app;
			};
			name = Debug;
		};
		9F836857186BFFAB000FE101 /* Release */ = {
			isa = XCBuildConfiguration;
			baseConfigurationReference = 872DC7AA04FB4AE89900F4A9 /* Pods.xcconfig */;
			buildSettings = {
				ASSETCATALOG_COMPILER_APPICON_NAME = AppIcon;
				ASSETCATALOG_COMPILER_LAUNCHIMAGE_NAME = LaunchImage;
				GCC_PRECOMPILE_PREFIX_HEADER = YES;
				GCC_PREFIX_HEADER = "refuelio/refuelio-Prefix.pch";
				INFOPLIST_FILE = "refuelio/refuelio-Info.plist";
				PRODUCT_NAME = "$(TARGET_NAME)";
				WRAPPER_EXTENSION = app;
			};
			name = Release;
		};
		9F836859186BFFAB000FE101 /* Debug */ = {
			isa = XCBuildConfiguration;
			buildSettings = {
				ARCHS = "$(ARCHS_STANDARD_INCLUDING_64_BIT)";
				BUNDLE_LOADER = "$(BUILT_PRODUCTS_DIR)/refuelio.app/refuelio";
				FRAMEWORK_SEARCH_PATHS = (
					"$(SDKROOT)/Developer/Library/Frameworks",
					"$(inherited)",
					"$(DEVELOPER_FRAMEWORKS_DIR)",
				);
				GCC_PRECOMPILE_PREFIX_HEADER = YES;
				GCC_PREFIX_HEADER = "refuelio/refuelio-Prefix.pch";
				GCC_PREPROCESSOR_DEFINITIONS = (
					"DEBUG=1",
					"$(inherited)",
				);
				INFOPLIST_FILE = "refuelioTests/refuelioTests-Info.plist";
				PRODUCT_NAME = "$(TARGET_NAME)";
				TEST_HOST = "$(BUNDLE_LOADER)";
				WRAPPER_EXTENSION = xctest;
			};
			name = Debug;
		};
		9F83685A186BFFAB000FE101 /* Release */ = {
			isa = XCBuildConfiguration;
			buildSettings = {
				ARCHS = "$(ARCHS_STANDARD_INCLUDING_64_BIT)";
				BUNDLE_LOADER = "$(BUILT_PRODUCTS_DIR)/refuelio.app/refuelio";
				FRAMEWORK_SEARCH_PATHS = (
					"$(SDKROOT)/Developer/Library/Frameworks",
					"$(inherited)",
					"$(DEVELOPER_FRAMEWORKS_DIR)",
				);
				GCC_PRECOMPILE_PREFIX_HEADER = YES;
				GCC_PREFIX_HEADER = "refuelio/refuelio-Prefix.pch";
				INFOPLIST_FILE = "refuelioTests/refuelioTests-Info.plist";
				PRODUCT_NAME = "$(TARGET_NAME)";
				TEST_HOST = "$(BUNDLE_LOADER)";
				WRAPPER_EXTENSION = xctest;
			};
			name = Release;
		};
/* End XCBuildConfiguration section */

/* Begin XCConfigurationList section */
		9F83681E186BFFAA000FE101 /* Build configuration list for PBXProject "refuelio" */ = {
			isa = XCConfigurationList;
			buildConfigurations = (
				9F836853186BFFAB000FE101 /* Debug */,
				9F836854186BFFAB000FE101 /* Release */,
			);
			defaultConfigurationIsVisible = 0;
			defaultConfigurationName = Release;
		};
		9F836855186BFFAB000FE101 /* Build configuration list for PBXNativeTarget "refuelio" */ = {
			isa = XCConfigurationList;
			buildConfigurations = (
				9F836856186BFFAB000FE101 /* Debug */,
				9F836857186BFFAB000FE101 /* Release */,
			);
			defaultConfigurationIsVisible = 0;
			defaultConfigurationName = Release;
		};
		9F836858186BFFAB000FE101 /* Build configuration list for PBXNativeTarget "refuelioTests" */ = {
			isa = XCConfigurationList;
			buildConfigurations = (
				9F836859186BFFAB000FE101 /* Debug */,
				9F83685A186BFFAB000FE101 /* Release */,
			);
			defaultConfigurationIsVisible = 0;
			defaultConfigurationName = Release;
		};
/* End XCConfigurationList section */

/* Begin XCVersionGroup section */
		9F3D1F5F186C001D004D7DB1 /* Refuelio.xcdatamodeld */ = {
			isa = XCVersionGroup;
			children = (
				9F3D1F60186C001D004D7DB1 /* Refuelio.xcdatamodel */,
			);
			currentVersion = 9F3D1F60186C001D004D7DB1 /* Refuelio.xcdatamodel */;
			path = Refuelio.xcdatamodeld;
			sourceTree = "<group>";
			versionGroupType = wrapper.xcdatamodel;
		};
/* End XCVersionGroup section */
	};
	rootObject = 9F83681B186BFFAA000FE101 /* Project object */;
}
